{
  "name": "todo_list_php",
  "version": "1.0.0",
  "lockfileVersion": 1,
  "requires": true,
  "dependencies": {
    "prettier-plugin-tailwindcss": {
      "version": "0.5.5",
      "resolved": "https://registry.npmjs.org/prettier-plugin-tailwindcss/-/prettier-plugin-tailwindcss-0.5.5.tgz",
      "integrity": "sha512-voy0CjWv/CM8yeaduv5ZwovovpTGMR5LbzlhGF+LtEvMJt9wBeVTVnW781hL38R/RcDXCJwN2rolsgr94B/n0Q==",
      "dev": true
    }
  }
}
